
Microsoft Visual Studio Solution File, Format Version 12.00
# Visual Studio 15
VisualStudioVersion = 15.0.28307.757
MinimumVisualStudioVersion = 10.0.40219.1
Project("{FAE04EC0-301F-11D3-BF4B-00C04F79EFBC}") = "sgop", "sgop\sgop.csproj", "{D0D0E6D3-863E-449F-8340-9D8AA73DE046}"
EndProject
Global
	GlobalSection(SolutionConfigurationPlatforms) = preSolution
		Debug|Any CPU = Debug|Any CPU
		Release|Any CPU = Release|Any CPU
	EndGlobalSection
	GlobalSection(ProjectConfigurationPlatforms) = postSolution
		{D0D0E6D3-863E-449F-8340-9D8AA73DE046}.Debug|Any CPU.ActiveCfg = Debug|Any CPU
		{D0D0E6D3-863E-449F-8340-9D8AA73DE046}.Debug|Any CPU.Build.0 = Debug|Any CPU
		{D0D0E6D3-863E-449F-8340-9D8AA73DE046}.Release|Any CPU.ActiveCfg = Release|Any CPU
		{D0D0E6D3-863E-449F-8340-9D8AA73DE046}.Release|Any CPU.Build.0 = Release|Any CPU
	EndGlobalSection
	GlobalSection(SolutionProperties) = preSolution
		HideSolutionNode = FALSE
	EndGlobalSection
	GlobalSection(ExtensibilityGlobals) = postSolution
		SolutionGuid = {78F02DED-9433-417A-BFDD-430D5849D282}
	EndGlobalSection
EndGlobal
